
Microsoft Visual Studio Solution File, Format Version 12.00
# Visual Studio 15
VisualStudioVersion = 15.0.27130.2010
MinimumVisualStudioVersion = 10.0.40219.1
Project("{FAE04EC0-301F-11D3-BF4B-00C04F79EFBC}") = "PhoneList.Android", "PhoneList\PhoneList.Android\PhoneList.Android.csproj", "{5BE75F36-CCE5-4100-BB22-16442A87479A}"
EndProject
Project("{FAE04EC0-301F-11D3-BF4B-00C04F79EFBC}") = "PhoneList.iOS", "PhoneList\PhoneList.iOS\PhoneList.iOS.csproj", "{06D6D217-CBF3-4859-AB3E-4DD0B2D3A28B}"
EndProject
Project("{FAE04EC0-301F-11D3-BF4B-00C04F79EFBC}") = "UnitTestProject", "UnitTestProject\UnitTestProject.csproj", "{8C7477E3-20C8-40A8-BE1A-02D27901B994}"
EndProject
Project("{FAE04EC0-301F-11D3-BF4B-00C04F79EFBC}") = "PhoneList", "PhoneList\PhoneList\PhoneList.csproj", "{97B8A53D-5A87-4A2B-A9CC-96BA4398FC84}"
EndProject
Global
	GlobalSection(SolutionConfigurationPlatforms) = preSolution
		Debug|Any CPU = Debug|Any CPU
		Debug|iPhone = Debug|iPhone
		Debug|iPhoneSimulator = Debug|iPhoneSimulator
		Release|Any CPU = Release|Any CPU
		Release|iPhone = Release|iPhone
		Release|iPhoneSimulator = Release|iPhoneSimulator
	EndGlobalSection
	GlobalSection(ProjectConfigurationPlatforms) = postSolution
		{5BE75F36-CCE5-4100-BB22-16442A87479A}.Debug|Any CPU.ActiveCfg = Debug|Any CPU
		{5BE75F36-CCE5-4100-BB22-16442A87479A}.Debug|Any CPU.Build.0 = Debug|Any CPU
		{5BE75F36-CCE5-4100-BB22-16442A87479A}.Debug|Any CPU.Deploy.0 = Debug|Any CPU
		{5BE75F36-CCE5-4100-BB22-16442A87479A}.Debug|iPhone.ActiveCfg = Debug|Any CPU
		{5BE75F36-CCE5-4100-BB22-16442A87479A}.Debug|iPhone.Build.0 = Debug|Any CPU
		{5BE75F36-CCE5-4100-BB22-16442A87479A}.Debug|iPhone.Deploy.0 = Debug|Any CPU
		{5BE75F36-CCE5-4100-BB22-16442A87479A}.Debug|iPhoneSimulator.ActiveCfg = Debug|Any CPU
		{5BE75F36-CCE5-4100-BB22-16442A87479A}.Debug|iPhoneSimulator.Build.0 = Debug|Any CPU
		{5BE75F36-CCE5-4100-BB22-16442A87479A}.Debug|iPhoneSimulator.Deploy.0 = Debug|Any CPU
		{5BE75F36-CCE5-4100-BB22-16442A87479A}.Release|Any CPU.ActiveCfg = Release|Any CPU
		{5BE75F36-CCE5-4100-BB22-16442A87479A}.Release|Any CPU.Build.0 = Release|Any CPU
		{5BE75F36-CCE5-4100-BB22-16442A87479A}.Release|Any CPU.Deploy.0 = Release|Any CPU
		{5BE75F36-CCE5-4100-BB22-16442A87479A}.Release|iPhone.ActiveCfg = Release|Any CPU
		{5BE75F36-CCE5-4100-BB22-16442A87479A}.Release|iPhone.Build.0 = Release|Any CPU
		{5BE75F36-CCE5-4100-BB22-16442A87479A}.Release|iPhone.Deploy.0 = Release|Any CPU
		{5BE75F36-CCE5-4100-BB22-16442A87479A}.Release|iPhoneSimulator.ActiveCfg = Release|Any CPU
		{5BE75F36-CCE5-4100-BB22-16442A87479A}.Release|iPhoneSimulator.Build.0 = Release|Any CPU
		{5BE75F36-CCE5-4100-BB22-16442A87479A}.Release|iPhoneSimulator.Deploy.0 = Release|Any CPU
		{06D6D217-CBF3-4859-AB3E-4DD0B2D3A28B}.Debug|Any CPU.ActiveCfg = Debug|iPhone
		{06D6D217-CBF3-4859-AB3E-4DD0B2D3A28B}.Debug|iPhone.ActiveCfg = Debug|iPhone
		{06D6D217-CBF3-4859-AB3E-4DD0B2D3A28B}.Debug|iPhone.Build.0 = Debug|iPhone
		{06D6D217-CBF3-4859-AB3E-4DD0B2D3A28B}.Debug|iPhoneSimulator.ActiveCfg = Debug|iPhoneSimulator
		{06D6D217-CBF3-4859-AB3E-4DD0B2D3A28B}.Debug|iPhoneSimulator.Build.0 = Debug|iPhoneSimulator
		{06D6D217-CBF3-4859-AB3E-4DD0B2D3A28B}.Release|Any CPU.ActiveCfg = Release|iPhone
		{06D6D217-CBF3-4859-AB3E-4DD0B2D3A28B}.Release|iPhone.ActiveCfg = Release|iPhone
		{06D6D217-CBF3-4859-AB3E-4DD0B2D3A28B}.Release|iPhone.Build.0 = Release|iPhone
		{06D6D217-CBF3-4859-AB3E-4DD0B2D3A28B}.Release|iPhoneSimulator.ActiveCfg = Release|iPhoneSimulator
		{06D6D217-CBF3-4859-AB3E-4DD0B2D3A28B}.Release|iPhoneSimulator.Build.0 = Release|iPhoneSimulator
		{8C7477E3-20C8-40A8-BE1A-02D27901B994}.Debug|Any CPU.ActiveCfg = Debug|Any CPU
		{8C7477E3-20C8-40A8-BE1A-02D27901B994}.Debug|Any CPU.Build.0 = Debug|Any CPU
		{8C7477E3-20C8-40A8-BE1A-02D27901B994}.Debug|iPhone.ActiveCfg = Debug|Any CPU
		{8C7477E3-20C8-40A8-BE1A-02D27901B994}.Debug|iPhone.Build.0 = Debug|Any CPU
		{8C7477E3-20C8-40A8-BE1A-02D27901B994}.Debug|iPhoneSimulator.ActiveCfg = Debug|Any CPU
		{8C7477E3-20C8-40A8-BE1A-02D27901B994}.Debug|iPhoneSimulator.Build.0 = Debug|Any CPU
		{8C7477E3-20C8-40A8-BE1A-02D27901B994}.Release|Any CPU.ActiveCfg = Release|Any CPU
		{8C7477E3-20C8-40A8-BE1A-02D27901B994}.Release|Any CPU.Build.0 = Release|Any CPU
		{8C7477E3-20C8-40A8-BE1A-02D27901B994}.Release|iPhone.ActiveCfg = Release|Any CPU
		{8C7477E3-20C8-40A8-BE1A-02D27901B994}.Release|iPhone.Build.0 = Release|Any CPU
		{8C7477E3-20C8-40A8-BE1A-02D27901B994}.Release|iPhoneSimulator.ActiveCfg = Release|Any CPU
		{8C7477E3-20C8-40A8-BE1A-02D27901B994}.Release|iPhoneSimulator.Build.0 = Release|Any CPU
		{97B8A53D-5A87-4A2B-A9CC-96BA4398FC84}.Debug|Any CPU.ActiveCfg = Debug|Any CPU
		{97B8A53D-5A87-4A2B-A9CC-96BA4398FC84}.Debug|Any CPU.Build.0 = Debug|Any CPU
		{97B8A53D-5A87-4A2B-A9CC-96BA4398FC84}.Debug|iPhone.ActiveCfg = Debug|Any CPU
		{97B8A53D-5A87-4A2B-A9CC-96BA4398FC84}.Debug|iPhone.Build.0 = Debug|Any CPU
		{97B8A53D-5A87-4A2B-A9CC-96BA4398FC84}.Debug|iPhoneSimulator.ActiveCfg = Debug|Any CPU
		{97B8A53D-5A87-4A2B-A9CC-96BA4398FC84}.Debug|iPhoneSimulator.Build.0 = Debug|Any CPU
		{97B8A53D-5A87-4A2B-A9CC-96BA4398FC84}.Release|Any CPU.ActiveCfg = Release|Any CPU
		{97B8A53D-5A87-4A2B-A9CC-96BA4398FC84}.Release|Any CPU.Build.0 = Release|Any CPU
		{97B8A53D-5A87-4A2B-A9CC-96BA4398FC84}.Release|iPhone.ActiveCfg = Release|Any CPU
		{97B8A53D-5A87-4A2B-A9CC-96BA4398FC84}.Release|iPhone.Build.0 = Release|Any CPU
		{97B8A53D-5A87-4A2B-A9CC-96BA4398FC84}.Release|iPhoneSimulator.ActiveCfg = Release|Any CPU
		{97B8A53D-5A87-4A2B-A9CC-96BA4398FC84}.Release|iPhoneSimulator.Build.0 = Release|Any CPU
	EndGlobalSection
	GlobalSection(SolutionProperties) = preSolution
		HideSolutionNode = FALSE
	EndGlobalSection
	GlobalSection(ExtensibilityGlobals) = postSolution
		SolutionGuid = {F635CAFF-9C0C-422D-A702-D116344A2A9F}
	EndGlobalSection
EndGlobal
